
Microsoft Visual Studio Solution File, Format Version 12.00
# Visual Studio Version 17
VisualStudioVersion = 17.9.34902.65
MinimumVisualStudioVersion = 10.0.40219.1
Project("{FAE04EC0-301F-11D3-BF4B-00C04F79EFBC}") = "RazorPages", "RazorPages\RazorPages.csproj", "{7A959C70-0A78-4C67-AB37-7D7441E4053A}"
EndProject
Global
	GlobalSection(SolutionConfigurationPlatforms) = preSolution
		Debug|Any CPU = Debug|Any CPU
		Release|Any CPU = Release|Any CPU
	EndGlobalSection
	GlobalSection(ProjectConfigurationPlatforms) = postSolution
		{7A959C70-0A78-4C67-AB37-7D7441E4053A}.Debug|Any CPU.ActiveCfg = Debug|Any CPU
		{7A959C70-0A78-4C67-AB37-7D7441E4053A}.Debug|Any CPU.Build.0 = Debug|Any CPU
		{7A959C70-0A78-4C67-AB37-7D7441E4053A}.Release|Any CPU.ActiveCfg = Release|Any CPU
		{7A959C70-0A78-4C67-AB37-7D7441E4053A}.Release|Any CPU.Build.0 = Release|Any CPU
	EndGlobalSection
	GlobalSection(SolutionProperties) = preSolution
		HideSolutionNode = FALSE
	EndGlobalSection
	GlobalSection(ExtensibilityGlobals) = postSolution
		SolutionGuid = {B7F407F3-9361-4F24-97B8-D3D3DCF7E647}
	EndGlobalSection
EndGlobal
